<?xml version="1.0" encoding="UTF-8"?>
<Scheme
   LastUpgradeVersion = "1010"
   version = "1.7">
   <BuildAction
      parallelizeBuildables = "YES"
      buildImplicitDependencies = "YES">
      <PreActions>
         <ExecutionAction
            ActionType = "Xcode.IDEStandardExecutionActionsCore.ExecutionActionType.ShellScriptAction">
            <ActionContent
               title = "Stamp version numbers"
               scriptText = "if [ &quot;${CONFIGURATION}&quot; == &quot;AdHoc&quot; -o &quot;${CONFIGURATION}&quot; == &quot;Release&quot; ]; then&#10;    echo &quot;Pre-build: Stamping version number...&quot;&#10;    pwd&#10;    pushd ${PROJECT_DIR}&#10;    pwd&#10;    ./tools/set_build_number.sh &quot;${INFOPLIST_FILE}&quot; ${CF_BUNDLE_VERSION} &quot;AlfrescoApp/Supporting Files/Settings.bundle/Root.plist&quot; &quot;PreferenceSpecifiers:1:DefaultValue&quot;&#10;    popd&#10;fi&#10;">
               <EnvironmentBuildable>
                  <BuildableReference
                     BuildableIdentifier = "primary"
                     BlueprintIdentifier = "7373B4F417A66E9400869949"
                     BuildableName = "AlfrescoApp.app"
                     BlueprintName = "AlfrescoApp"
                     ReferencedContainer = "container:AlfrescoApp.xcodeproj">
                  </BuildableReference>
               </EnvironmentBuildable>
            </ActionContent>
         </ExecutionAction>
      </PreActions>
      <BuildActionEntries>
         <BuildActionEntry
            buildForTesting = "YES"
            buildForRunning = "YES"
            buildForProfiling = "YES"
            buildForArchiving = "YES"
            buildForAnalyzing = "YES">
            <BuildableReference
               BuildableIdentifier = "primary"
               BlueprintIdentifier = "7373B4F417A66E9400869949"
               BuildableName = "AlfrescoApp.app"
               BlueprintName = "AlfrescoApp"
               ReferencedContainer = "container:AlfrescoApp.xcodeproj">
            </BuildableReference>
         </BuildActionEntry>
         <BuildActionEntry
            buildForTesting = "YES"
            buildForRunning = "NO"
            buildForProfiling = "NO"
            buildForArchiving = "NO"
            buildForAnalyzing = "NO">
            <BuildableReference
               BuildableIdentifier = "primary"
               BlueprintIdentifier = "08E89C9817E7593B006936DF"
               BuildableName = "AlfrescoApp Tests.xctest"
               BlueprintName = "AlfrescoApp Tests"
               ReferencedContainer = "container:AlfrescoApp.xcodeproj">
            </BuildableReference>
         </BuildActionEntry>
      </BuildActionEntries>
   </BuildAction>
   <TestAction
      buildConfiguration = "Debug"
      selectedDebuggerIdentifier = "Xcode.DebuggerFoundation.Debugger.LLDB"
      selectedLauncherIdentifier = "Xcode.DebuggerFoundation.Launcher.LLDB"
      shouldUseLaunchSchemeArgsEnv = "NO">
      <MacroExpansion>
         <BuildableReference
            BuildableIdentifier = "primary"
            BlueprintIdentifier = "7373B4F417A66E9400869949"
            BuildableName = "AlfrescoApp.app"
            BlueprintName = "AlfrescoApp"
            ReferencedContainer = "container:AlfrescoApp.xcodeproj">
         </BuildableReference>
      </MacroExpansion>
      <EnvironmentVariables>
         <EnvironmentVariable
            key = "TEST_SERVER"
            value = "localhost"
            isEnabled = "YES">
         </EnvironmentVariable>
      </EnvironmentVariables>
      <Testables>
         <TestableReference
            skipped = "NO">
            <BuildableReference
               BuildableIdentifier = "primary"
               BlueprintIdentifier = "08E89C9817E7593B006936DF"
               BuildableName = "AlfrescoApp Tests.xctest"
               BlueprintName = "AlfrescoApp Tests"
               ReferencedContainer = "container:AlfrescoApp.xcodeproj">
            </BuildableReference>
            <SkippedTests>
               <Test
                  Identifier = "AlfrescoBaseTest">
               </Test>
               <Test
                  Identifier = "SyncTest">
               </Test>
            </SkippedTests>
         </TestableReference>
      </Testables>
   </TestAction>
   <LaunchAction
      buildConfiguration = "Debug"
      selectedDebuggerIdentifier = "Xcode.DebuggerFoundation.Debugger.LLDB"
      selectedLauncherIdentifier = "Xcode.DebuggerFoundation.Launcher.LLDB"
      launchStyle = "0"
      useCustomWorkingDirectory = "NO"
      ignoresPersistentStateOnLaunch = "NO"
      debugDocumentVersioning = "YES"
      debugServiceExtension = "internal"
      allowLocationSimulation = "YES">
      <BuildableProductRunnable
         runnableDebuggingMode = "0">
         <BuildableReference
            BuildableIdentifier = "primary"
            BlueprintIdentifier = "7373B4F417A66E9400869949"
            BuildableName = "AlfrescoApp.app"
            BlueprintName = "AlfrescoApp"
            ReferencedContainer = "container:AlfrescoApp.xcodeproj">
         </BuildableReference>
      </BuildableProductRunnable>
      <CommandLineArguments>
         <CommandLineArgument
            argument = "-com.apple.CoreData.ConcurrencyDebug 1"
            isEnabled = "NO">
         </CommandLineArgument>
         <CommandLineArgument
            argument = "-FIRAnalyticsDebugEnabled"
            isEnabled = "NO">
         </CommandLineArgument>
      </CommandLineArguments>
   </LaunchAction>
   <ProfileAction
      buildConfiguration = "Release"
      shouldUseLaunchSchemeArgsEnv = "YES"
      savedToolIdentifier = ""
      useCustomWorkingDirectory = "NO"
      debugDocumentVersioning = "YES">
      <BuildableProductRunnable
         runnableDebuggingMode = "0">
         <BuildableReference
            BuildableIdentifier = "primary"
            BlueprintIdentifier = "7373B4F417A66E9400869949"
            BuildableName = "AlfrescoApp.app"
            BlueprintName = "AlfrescoApp"
            ReferencedContainer = "container:AlfrescoApp.xcodeproj">
         </BuildableReference>
      </BuildableProductRunnable>
   </ProfileAction>
   <AnalyzeAction
      buildConfiguration = "Debug">
   </AnalyzeAction>
   <ArchiveAction
      buildConfiguration = "Release"
      revealArchiveInOrganizer = "YES">
   </ArchiveAction>
</Scheme>
